
Microsoft Visual Studio Solution File, Format Version 12.00
# Visual Studio Version 17
VisualStudioVersion = 17.8.34212.112
MinimumVisualStudioVersion = 10.0.40219.1
Project("{2150E333-8FDC-42A3-9474-1A3956D46DE8}") = "Services", "Services", "{C29BB3D9-344B-42F3-A588-221D097F4D0E}"
EndProject
Project("{2150E333-8FDC-42A3-9474-1A3956D46DE8}") = "Catalog", "Catalog", "{22AF9B40-6A15-4ABC-A07E-0348C7CA14FB}"
EndProject
Project("{9A19103F-16F7-4668-BE54-9A1E7A4F7556}") = "Services.Catalog", "Services\Catalog\Services.Catalog\Services.Catalog.csproj", "{0FD864BD-C3D9-404A-ACAB-C40142290C9E}"
EndProject
Project("{2150E333-8FDC-42A3-9474-1A3956D46DE8}") = "Shared", "Shared", "{5DDD3019-3694-4DF8-BE9B-9C94C4882209}"
EndProject
Project("{2150E333-8FDC-42A3-9474-1A3956D46DE8}") = "IdentityServer", "IdentityServer", "{D4432B80-6CAF-4FE0-920A-5BA1926DB919}"
EndProject
Project("{9A19103F-16F7-4668-BE54-9A1E7A4F7556}") = "Education.IdentityServer", "IdentityServer\Education.IdentityServer\Education.IdentityServer.csproj", "{50120153-D475-4B47-9500-EBC7F754086B}"
EndProject
Project("{9A19103F-16F7-4668-BE54-9A1E7A4F7556}") = "Education.Shared", "Shared\Education.Shared1\Education.Shared\Education.Shared.csproj", "{216C368A-6B15-4850-8505-B36FF39C8C2D}"
EndProject
Project("{2150E333-8FDC-42A3-9474-1A3956D46DE8}") = "PhotoStock", "PhotoStock", "{AF06C7DB-47FE-4AE5-BECD-477647606A97}"
EndProject
Project("{9A19103F-16F7-4668-BE54-9A1E7A4F7556}") = "Service.PhotoStock", "Services\PhotoStock\Service.PhotoStock\Service.PhotoStock.csproj", "{59BFC8C5-B48C-4A7B-9D86-31DF7AB970CD}"
EndProject
Project("{2150E333-8FDC-42A3-9474-1A3956D46DE8}") = "Basket", "Basket", "{C24FD29C-7B0B-47B5-A0B2-8840F4366EDA}"
EndProject
Project("{9A19103F-16F7-4668-BE54-9A1E7A4F7556}") = "Services.Basket", "Services\Basket\Services.Basket\Services.Basket.csproj", "{65B6740C-4F27-4FB4-B7D7-54A6F468828F}"
EndProject
Project("{2150E333-8FDC-42A3-9474-1A3956D46DE8}") = "Discount", "Discount", "{73194E74-3DD4-4C76-BBC7-57EBD7F51B57}"
EndProject
Project("{9A19103F-16F7-4668-BE54-9A1E7A4F7556}") = "Services.Discount", "Services\Discount\Services.Discount\Services.Discount.csproj", "{5847A692-7650-4B2D-95ED-C51002B16271}"
EndProject
Project("{2150E333-8FDC-42A3-9474-1A3956D46DE8}") = "Order", "Order", "{93F100EF-720A-4157-8A24-42C94FC56FD7}"
EndProject
Project("{FAE04EC0-301F-11D3-BF4B-00C04F79EFBC}") = "Services.Order.API", "Services\Order\Services.Order.API\Services.Order.API.csproj", "{1B4B8819-5FD2-4AAB-AADC-D3DD4FBC3EC2}"
EndProject
Project("{FAE04EC0-301F-11D3-BF4B-00C04F79EFBC}") = "Services.Order.Application", "Services\Order\Services.Order.Application\Services.Order.Application.csproj", "{9DE8689F-933C-48D0-8F7D-25F5320B6D67}"
EndProject
Project("{FAE04EC0-301F-11D3-BF4B-00C04F79EFBC}") = "Services.Order.Domain", "Services\Order\Services.Order.Domain\Services.Order.Domain.csproj", "{4DC955FA-5243-4B04-AF62-CF9E39E9ED9B}"
EndProject
Project("{FAE04EC0-301F-11D3-BF4B-00C04F79EFBC}") = "Services.Order.Domain.Core", "Services\Order\Services.Order.Domain.Core\Services.Order.Domain.Core.csproj", "{EBA80F4F-15E0-4983-8718-C64CC5321B18}"
EndProject
Project("{FAE04EC0-301F-11D3-BF4B-00C04F79EFBC}") = "Services.Order.Infrastructure", "Services\Order\Services.Order.Infrastructure\Services.Order.Infrastructure.csproj", "{C60B3736-DE77-44FE-8827-736A3BAD58DC}"
EndProject
Project("{2150E333-8FDC-42A3-9474-1A3956D46DE8}") = "FakePayment", "FakePayment", "{484AE8B5-6541-4DCA-84B6-2D78DA34A409}"
EndProject
Project("{FAE04EC0-301F-11D3-BF4B-00C04F79EFBC}") = "Services.FakePayment", "Services\FakePayment\Services.FakePayment\Services.FakePayment.csproj", "{72348B7B-69E5-4C60-B530-64E5948C616C}"
EndProject
Global
	GlobalSection(SolutionConfigurationPlatforms) = preSolution
		Debug|Any CPU = Debug|Any CPU
		Release|Any CPU = Release|Any CPU
	EndGlobalSection
	GlobalSection(ProjectConfigurationPlatforms) = postSolution
		{0FD864BD-C3D9-404A-ACAB-C40142290C9E}.Debug|Any CPU.ActiveCfg = Debug|Any CPU
		{0FD864BD-C3D9-404A-ACAB-C40142290C9E}.Debug|Any CPU.Build.0 = Debug|Any CPU
		{0FD864BD-C3D9-404A-ACAB-C40142290C9E}.Release|Any CPU.ActiveCfg = Release|Any CPU
		{0FD864BD-C3D9-404A-ACAB-C40142290C9E}.Release|Any CPU.Build.0 = Release|Any CPU
		{50120153-D475-4B47-9500-EBC7F754086B}.Debug|Any CPU.ActiveCfg = Debug|Any CPU
		{50120153-D475-4B47-9500-EBC7F754086B}.Debug|Any CPU.Build.0 = Debug|Any CPU
		{50120153-D475-4B47-9500-EBC7F754086B}.Release|Any CPU.ActiveCfg = Release|Any CPU
		{50120153-D475-4B47-9500-EBC7F754086B}.Release|Any CPU.Build.0 = Release|Any CPU
		{216C368A-6B15-4850-8505-B36FF39C8C2D}.Debug|Any CPU.ActiveCfg = Debug|Any CPU
		{216C368A-6B15-4850-8505-B36FF39C8C2D}.Debug|Any CPU.Build.0 = Debug|Any CPU
		{216C368A-6B15-4850-8505-B36FF39C8C2D}.Release|Any CPU.ActiveCfg = Release|Any CPU
		{216C368A-6B15-4850-8505-B36FF39C8C2D}.Release|Any CPU.Build.0 = Release|Any CPU
		{59BFC8C5-B48C-4A7B-9D86-31DF7AB970CD}.Debug|Any CPU.ActiveCfg = Debug|Any CPU
		{59BFC8C5-B48C-4A7B-9D86-31DF7AB970CD}.Debug|Any CPU.Build.0 = Debug|Any CPU
		{59BFC8C5-B48C-4A7B-9D86-31DF7AB970CD}.Release|Any CPU.ActiveCfg = Release|Any CPU
		{59BFC8C5-B48C-4A7B-9D86-31DF7AB970CD}.Release|Any CPU.Build.0 = Release|Any CPU
		{65B6740C-4F27-4FB4-B7D7-54A6F468828F}.Debug|Any CPU.ActiveCfg = Debug|Any CPU
		{65B6740C-4F27-4FB4-B7D7-54A6F468828F}.Debug|Any CPU.Build.0 = Debug|Any CPU
		{65B6740C-4F27-4FB4-B7D7-54A6F468828F}.Release|Any CPU.ActiveCfg = Release|Any CPU
		{65B6740C-4F27-4FB4-B7D7-54A6F468828F}.Release|Any CPU.Build.0 = Release|Any CPU
		{5847A692-7650-4B2D-95ED-C51002B16271}.Debug|Any CPU.ActiveCfg = Debug|Any CPU
		{5847A692-7650-4B2D-95ED-C51002B16271}.Debug|Any CPU.Build.0 = Debug|Any CPU
		{5847A692-7650-4B2D-95ED-C51002B16271}.Release|Any CPU.ActiveCfg = Release|Any CPU
		{5847A692-7650-4B2D-95ED-C51002B16271}.Release|Any CPU.Build.0 = Release|Any CPU
		{1B4B8819-5FD2-4AAB-AADC-D3DD4FBC3EC2}.Debug|Any CPU.ActiveCfg = Debug|Any CPU
		{1B4B8819-5FD2-4AAB-AADC-D3DD4FBC3EC2}.Debug|Any CPU.Build.0 = Debug|Any CPU
		{1B4B8819-5FD2-4AAB-AADC-D3DD4FBC3EC2}.Release|Any CPU.ActiveCfg = Release|Any CPU
		{1B4B8819-5FD2-4AAB-AADC-D3DD4FBC3EC2}.Release|Any CPU.Build.0 = Release|Any CPU
		{9DE8689F-933C-48D0-8F7D-25F5320B6D67}.Debug|Any CPU.ActiveCfg = Debug|Any CPU
		{9DE8689F-933C-48D0-8F7D-25F5320B6D67}.Debug|Any CPU.Build.0 = Debug|Any CPU
		{9DE8689F-933C-48D0-8F7D-25F5320B6D67}.Release|Any CPU.ActiveCfg = Release|Any CPU
		{9DE8689F-933C-48D0-8F7D-25F5320B6D67}.Release|Any CPU.Build.0 = Release|Any CPU
		{4DC955FA-5243-4B04-AF62-CF9E39E9ED9B}.Debug|Any CPU.ActiveCfg = Debug|Any CPU
		{4DC955FA-5243-4B04-AF62-CF9E39E9ED9B}.Debug|Any CPU.Build.0 = Debug|Any CPU
		{4DC955FA-5243-4B04-AF62-CF9E39E9ED9B}.Release|Any CPU.ActiveCfg = Release|Any CPU
		{4DC955FA-5243-4B04-AF62-CF9E39E9ED9B}.Release|Any CPU.Build.0 = Release|Any CPU
		{EBA80F4F-15E0-4983-8718-C64CC5321B18}.Debug|Any CPU.ActiveCfg = Debug|Any CPU
		{EBA80F4F-15E0-4983-8718-C64CC5321B18}.Debug|Any CPU.Build.0 = Debug|Any CPU
		{EBA80F4F-15E0-4983-8718-C64CC5321B18}.Release|Any CPU.ActiveCfg = Release|Any CPU
		{EBA80F4F-15E0-4983-8718-C64CC5321B18}.Release|Any CPU.Build.0 = Release|Any CPU
		{C60B3736-DE77-44FE-8827-736A3BAD58DC}.Debug|Any CPU.ActiveCfg = Debug|Any CPU
		{C60B3736-DE77-44FE-8827-736A3BAD58DC}.Debug|Any CPU.Build.0 = Debug|Any CPU
		{C60B3736-DE77-44FE-8827-736A3BAD58DC}.Release|Any CPU.ActiveCfg = Release|Any CPU
		{C60B3736-DE77-44FE-8827-736A3BAD58DC}.Release|Any CPU.Build.0 = Release|Any CPU
		{72348B7B-69E5-4C60-B530-64E5948C616C}.Debug|Any CPU.ActiveCfg = Debug|Any CPU
		{72348B7B-69E5-4C60-B530-64E5948C616C}.Debug|Any CPU.Build.0 = Debug|Any CPU
		{72348B7B-69E5-4C60-B530-64E5948C616C}.Release|Any CPU.ActiveCfg = Release|Any CPU
		{72348B7B-69E5-4C60-B530-64E5948C616C}.Release|Any CPU.Build.0 = Release|Any CPU
	EndGlobalSection
	GlobalSection(SolutionProperties) = preSolution
		HideSolutionNode = FALSE
	EndGlobalSection
	GlobalSection(NestedProjects) = preSolution
		{22AF9B40-6A15-4ABC-A07E-0348C7CA14FB} = {C29BB3D9-344B-42F3-A588-221D097F4D0E}
		{0FD864BD-C3D9-404A-ACAB-C40142290C9E} = {22AF9B40-6A15-4ABC-A07E-0348C7CA14FB}
		{50120153-D475-4B47-9500-EBC7F754086B} = {D4432B80-6CAF-4FE0-920A-5BA1926DB919}
		{216C368A-6B15-4850-8505-B36FF39C8C2D} = {5DDD3019-3694-4DF8-BE9B-9C94C4882209}
		{AF06C7DB-47FE-4AE5-BECD-477647606A97} = {C29BB3D9-344B-42F3-A588-221D097F4D0E}
		{59BFC8C5-B48C-4A7B-9D86-31DF7AB970CD} = {AF06C7DB-47FE-4AE5-BECD-477647606A97}
		{C24FD29C-7B0B-47B5-A0B2-8840F4366EDA} = {C29BB3D9-344B-42F3-A588-221D097F4D0E}
		{65B6740C-4F27-4FB4-B7D7-54A6F468828F} = {C24FD29C-7B0B-47B5-A0B2-8840F4366EDA}
		{73194E74-3DD4-4C76-BBC7-57EBD7F51B57} = {C29BB3D9-344B-42F3-A588-221D097F4D0E}
		{5847A692-7650-4B2D-95ED-C51002B16271} = {73194E74-3DD4-4C76-BBC7-57EBD7F51B57}
		{93F100EF-720A-4157-8A24-42C94FC56FD7} = {C29BB3D9-344B-42F3-A588-221D097F4D0E}
		{1B4B8819-5FD2-4AAB-AADC-D3DD4FBC3EC2} = {93F100EF-720A-4157-8A24-42C94FC56FD7}
		{9DE8689F-933C-48D0-8F7D-25F5320B6D67} = {93F100EF-720A-4157-8A24-42C94FC56FD7}
		{4DC955FA-5243-4B04-AF62-CF9E39E9ED9B} = {93F100EF-720A-4157-8A24-42C94FC56FD7}
		{EBA80F4F-15E0-4983-8718-C64CC5321B18} = {93F100EF-720A-4157-8A24-42C94FC56FD7}
		{C60B3736-DE77-44FE-8827-736A3BAD58DC} = {93F100EF-720A-4157-8A24-42C94FC56FD7}
		{484AE8B5-6541-4DCA-84B6-2D78DA34A409} = {C29BB3D9-344B-42F3-A588-221D097F4D0E}
		{72348B7B-69E5-4C60-B530-64E5948C616C} = {484AE8B5-6541-4DCA-84B6-2D78DA34A409}
	EndGlobalSection
	GlobalSection(ExtensibilityGlobals) = postSolution
		SolutionGuid = {E76DD074-D329-46CA-8D75-2C03885C7528}
	EndGlobalSection
EndGlobal
